
Microsoft Visual Studio Solution File, Format Version 12.00
# Visual Studio Version 16
VisualStudioVersion = 16.0.31729.503
MinimumVisualStudioVersion = 10.0.40219.1
Project("{FAE04EC0-301F-11D3-BF4B-00C04F79EFBC}") = "restaurant2", "restaurant2\restaurant2.csproj", "{C5445E20-BC80-4F7E-A808-D29B1A5C3CB2}"
EndProject
Global
	GlobalSection(SolutionConfigurationPlatforms) = preSolution
		Debug|Any CPU = Debug|Any CPU
		Release|Any CPU = Release|Any CPU
	EndGlobalSection
	GlobalSection(ProjectConfigurationPlatforms) = postSolution
		{C5445E20-BC80-4F7E-A808-D29B1A5C3CB2}.Debug|Any CPU.ActiveCfg = Debug|Any CPU
		{C5445E20-BC80-4F7E-A808-D29B1A5C3CB2}.Debug|Any CPU.Build.0 = Debug|Any CPU
		{C5445E20-BC80-4F7E-A808-D29B1A5C3CB2}.Release|Any CPU.ActiveCfg = Release|Any CPU
		{C5445E20-BC80-4F7E-A808-D29B1A5C3CB2}.Release|Any CPU.Build.0 = Release|Any CPU
	EndGlobalSection
	GlobalSection(SolutionProperties) = preSolution
		HideSolutionNode = FALSE
	EndGlobalSection
	GlobalSection(ExtensibilityGlobals) = postSolution
		SolutionGuid = {EA8457FD-E45F-45E8-897C-58E0EBC1ADF7}
	EndGlobalSection
EndGlobal
